# This file is @generated by PDM.
# It is not intended for manual editing.

[metadata]
groups = ["default", "dev"]
strategy = ["inherit_metadata"]
lock_version = "4.5.0"
content_hash = "sha256:b1a20583ba174a6de4f67b7a718e624b41f6bff6380e19584666639c7e1e617b"

[[metadata.targets]]
requires_python = ">=3.13"

[[package]]
name = "aiomysql"
version = "0.3.2"
requires_python = ">=3.9"
summary = "MySQL driver for asyncio."
groups = ["default"]
dependencies = [
    "PyMySQL>=1.0",
]
files = [
    {file = "aiomysql-0.3.2-py3-none-any.whl", hash = "sha256:c82c5ba04137d7afd5c693a258bea8ead2aad77101668044143a991e04632eb2"},
    {file = "aiomysql-0.3.2.tar.gz", hash = "sha256:72d15ef5cfc34c03468eb41e1b90adb9fd9347b0b589114bd23ead569a02ac1a"},
]

[[package]]
name = "annotated-types"
version = "0.7.0"
requires_python = ">=3.8"
summary = "Reusable constraint types to use with typing.Annotated"
groups = ["default", "dev"]
dependencies = [
    "typing-extensions>=4.0.0; python_version < \"3.9\"",
]
files = [
    {file = "annotated_types-0.7.0-py3-none-any.whl", hash = "sha256:1f02e8b43a8fbbc3f3e0d4f0f4bfc8131bcb4eebe8849b8e5c773f3a1c582a53"},
    {file = "annotated_types-0.7.0.tar.gz", hash = "sha256:aff07c09a53a08bc8cfccb9c85b05f1aa9a2a6f23728d790723543408344ce89"},
]

[[package]]
name = "cffi"
version = "2.0.0"
requires_python = ">=3.9"
summary = "Foreign Function Interface for Python calling C code."
groups = ["default"]
marker = "platform_python_implementation != \"PyPy\""
dependencies = [
    "pycparser; implementation_name != \"PyPy\"",
]
files = [
    {file = "cffi-2.0.0-cp313-cp313-macosx_10_13_x86_64.whl", hash = "sha256:00bdf7acc5f795150faa6957054fbbca2439db2f775ce831222b66f192f03beb"},
    {file = "cffi-2.0.0-cp313-cp313-macosx_11_0_arm64.whl", hash = "sha256:45d5e886156860dc35862657e1494b9bae8dfa63bf56796f2fb56e1679fc0bca"},
    {file = "cffi-2.0.0-cp313-cp313-manylinux1_i686.manylinux2014_i686.manylinux_2_17_i686.manylinux_2_5_i686.whl", hash = "sha256:07b271772c100085dd28b74fa0cd81c8fb1a3ba18b21e03d7c27f3436a10606b"},
    {file = "cffi-2.0.0-cp313-cp313-manylinux2014_aarch64.manylinux_2_17_aarch64.whl", hash = "sha256:d48a880098c96020b02d5a1f7d9251308510ce8858940e6fa99ece33f610838b"},
    {file = "cffi-2.0.0-cp313-cp313-manylinux2014_ppc64le.manylinux_2_17_ppc64le.whl", hash = "sha256:f93fd8e5c8c0a4aa1f424d6173f14a892044054871c771f8566e4008eaa359d2"},
    {file = "cffi-2.0.0-cp313-cp313-manylinux2014_s390x.manylinux_2_17_s390x.whl", hash = "sha256:dd4f05f54a52fb558f1ba9f528228066954fee3ebe629fc1660d874d040ae5a3"},
    {file = "cffi-2.0.0-cp313-cp313-manylinux2014_x86_64.manylinux_2_17_x86_64.whl", hash = "sha256:c8d3b5532fc71b7a77c09192b4a5a200ea992702734a2e9279a37f2478236f26"},
    {file = "cffi-2.0.0-cp313-cp313-musllinux_1_2_aarch64.whl", hash = "sha256:d9b29c1f0ae438d5ee9acb31cadee00a58c46cc9c0b2f9038c6b0b3470877a8c"},
    {file = "cffi-2.0.0-cp313-cp313-musllinux_1_2_x86_64.whl", hash = "sha256:6d50360be4546678fc1b79ffe7a66265e28667840010348dd69a314145807a1b"},
    {file = "cffi-2.0.0-cp313-cp313-win32.whl", hash = "sha256:74a03b9698e198d47562765773b4a8309919089150a0bb17d829ad7b44b60d27"},
    {file = "cffi-2.0.0-cp313-cp313-win_amd64.whl", hash = "sha256:19f705ada2530c1167abacb171925dd886168931e0a7b78f5bffcae5c6b5be75"},
    {file = "cffi-2.0.0-cp313-cp313-win_arm64.whl", hash = "sha256:256f80b80ca3853f90c21b23ee78cd008713787b1b1e93eae9f3d6a7134abd91"},
    {file = "cffi-2.0.0-cp314-cp314-macosx_10_13_x86_64.whl", hash = "sha256:fc33c5141b55ed366cfaad382df24fe7dcbc686de5be719b207bb248e3053dc5"},
    {file = "cffi-2.0.0-cp314-cp314-macosx_11_0_arm64.whl", hash = "sha256:c654de545946e0db659b3400168c9ad31b5d29593291482c43e3564effbcee13"},
    {file = "cffi-2.0.0-cp314-cp314-manylinux2014_aarch64.manylinux_2_17_aarch64.whl", hash = "sha256:24b6f81f1983e6df8db3adc38562c83f7d4a0c36162885ec7f7b77c7dcbec97b"},
    {file = "cffi-2.0.0-cp314-cp314-manylinux2014_ppc64le.manylinux_2_17_ppc64le.whl", hash = "sha256:12873ca6cb9b0f0d3a0da705d6086fe911591737a59f28b7936bdfed27c0d47c"},
    {file = "cffi-2.0.0-cp314-cp314-manylinux2014_s390x.manylinux_2_17_s390x.whl", hash = "sha256:d9b97165e8aed9272a6bb17c01e3cc5871a594a446ebedc996e2397a1c1ea8ef"},
    {file = "cffi-2.0.0-cp314-cp314-manylinux2014_x86_64.manylinux_2_17_x86_64.whl", hash = "sha256:afb8db5439b81cf9c9d0c80404b60c3cc9c3add93e114dcae767f1477cb53775"},
    {file = "cffi-2.0.0-cp314-cp314-musllinux_1_2_aarch64.whl", hash = "sha256:737fe7d37e1a1bffe70bd5754ea763a62a066dc5913ca57e957824b72a85e205"},
    {file = "cffi-2.0.0-cp314-cp314-musllinux_1_2_x86_64.whl", hash = "sha256:38100abb9d1b1435bc4cc340bb4489635dc2f0da7456590877030c9b3d40b0c1"},
    {file = "cffi-2.0.0-cp314-cp314-win32.whl", hash = "sha256:087067fa8953339c723661eda6b54bc98c5625757ea62e95eb4898ad5e776e9f"},
    {file = "cffi-2.0.0-cp314-cp314-win_amd64.whl", hash = "sha256:203a48d1fb583fc7d78a4c6655692963b860a417c0528492a6bc21f1aaefab25"},
    {file = "cffi-2.0.0-cp314-cp314-win_arm64.whl", hash = "sha256:dbd5c7a25a7cb98f5ca55d258b103a2054f859a46ae11aaf23134f9cc0d356ad"},
    {file = "cffi-2.0.0-cp314-cp314t-macosx_10_13_x86_64.whl", hash = "sha256:9a67fc9e8eb39039280526379fb3a70023d77caec1852002b4da7e8b270c4dd9"},
    {file = "cffi-2.0.0-cp314-cp314t-macosx_11_0_arm64.whl", hash = "sha256:7a66c7204d8869299919db4d5069a82f1561581af12b11b3c9f48c584eb8743d"},
    {file = "cffi-2.0.0-cp314-cp314t-manylinux2014_aarch64.manylinux_2_17_aarch64.whl", hash = "sha256:7cc09976e8b56f8cebd752f7113ad07752461f48a58cbba644139015ac24954c"},
    {file = "cffi-2.0.0-cp314-cp314t-manylinux2014_ppc64le.manylinux_2_17_ppc64le.whl", hash = "sha256:92b68146a71df78564e4ef48af17551a5ddd142e5190cdf2c5624d0c3ff5b2e8"},
    {file = "cffi-2.0.0-cp314-cp314t-manylinux2014_s390x.manylinux_2_17_s390x.whl", hash = "sha256:b1e74d11748e7e98e2f426ab176d4ed720a64412b6a15054378afdb71e0f37dc"},
    {file = "cffi-2.0.0-cp314-cp314t-manylinux2014_x86_64.manylinux_2_17_x86_64.whl", hash = "sha256:28a3a209b96630bca57cce802da70c266eb08c6e97e5afd61a75611ee6c64592"},
    {file = "cffi-2.0.0-cp314-cp314t-musllinux_1_2_aarch64.whl", hash = "sha256:7553fb2090d71822f02c629afe6042c299edf91ba1bf94951165613553984512"},
    {file = "cffi-2.0.0-cp314-cp314t-musllinux_1_2_x86_64.whl", hash = "sha256:6c6c373cfc5c83a975506110d17457138c8c63016b563cc9ed6e056a82f13ce4"},
    {file = "cffi-2.0.0-cp314-cp314t-win32.whl", hash = "sha256:1fc9ea04857caf665289b7a75923f2c6ed559b8298a1b8c49e59f7dd95c8481e"},
    {file = "cffi-2.0.0-cp314-cp314t-win_amd64.whl", hash = "sha256:d68b6cef7827e8641e8ef16f4494edda8b36104d79773a334beaa1e3521430f6"},
    {file = "cffi-2.0.0-cp314-cp314t-win_arm64.whl", hash = "sha256:0a1527a803f0a659de1af2e1fd700213caba79377e27e4693648c2923da066f9"},
    {file = "cffi-2.0.0.tar.gz", hash = "sha256:44d1b5909021139fe36001ae048dbdde8214afa20200eda0f64c068cac5d5529"},
]

[[package]]
name = "cryptography"
version = "48.0.0"
requires_python = "!=3.9.0,!=3.9.1,>=3.9"
summary = "cryptography is a package which provides cryptographic recipes and primitives to Python developers."
groups = ["default"]
dependencies = [
    "cffi>=2.0.0; platform_python_implementation != \"PyPy\"",
    "typing-extensions>=4.13.2; python_full_version < \"3.11\"",
]
files = [
    {file = "cryptography-48.0.0-cp311-abi3-macosx_10_9_universal2.whl", hash = "sha256:0c558d2cdffd8f4bbb30fc7134c74d2ca9a476f830bb053074498fbc86f41ed6"},
    {file = "cryptography-48.0.0-cp311-abi3-manylinux2014_aarch64.manylinux_2_17_aarch64.whl", hash = "sha256:f5333311663ea94f75dd408665686aaf426563556bb5283554a3539177e03b8c"},
    {file = "cryptography-48.0.0-cp311-abi3-manylinux2014_x86_64.manylinux_2_17_x86_64.whl", hash = "sha256:7995ef305d7165c3f11ae07f2517e5a4f1d5c18da1376a0a9ed496336b69e5f3"},
    {file = "cryptography-48.0.0-cp311-abi3-manylinux_2_28_aarch64.whl", hash = "sha256:40ba1f85eaa6959837b1d51c9767e230e14612eea4ef110ee8854ada22da1bf5"},
    {file = "cryptography-48.0.0-cp311-abi3-manylinux_2_28_ppc64le.whl", hash = "sha256:369a6348999f94bbd53435c894377b20ab95f25a9065c283570e70150d8abc3c"},
    {file = "cryptography-48.0.0-cp311-abi3-manylinux_2_28_x86_64.whl", hash = "sha256:a0e692c683f4df67815a2d258b324e66f4738bd7a96a218c826dce4f4bd05d8f"},
    {file = "cryptography-48.0.0-cp311-abi3-manylinux_2_31_armv7l.whl", hash = "sha256:18349bbc56f4743c8b12dc32e2bccb2cf83ee8b69a3bba74ef8ae857e26b3d25"},
    {file = "cryptography-48.0.0-cp311-abi3-manylinux_2_34_aarch64.whl", hash = "sha256:7e8eac43dfca5c4cccc6dad9a80504436fca53bb9bc3100a2386d730fbe6b602"},
    {file = "cryptography-48.0.0-cp311-abi3-manylinux_2_34_ppc64le.whl", hash = "sha256:9ccdac7d40688ecb5a3b4a604b8a88c8002e3442d6c60aead1db2a89a041560c"},
    {file = "cryptography-48.0.0-cp311-abi3-manylinux_2_34_x86_64.whl", hash = "sha256:bd72e68b06bb1e96913f97dd4901119bc17f39d4586a5adf2d3e47bc2b9d58b5"},
    {file = "cryptography-48.0.0-cp311-abi3-musllinux_1_2_aarch64.whl", hash = "sha256:59baa2cb386c4f0b9905bd6eb4c2a79a69a128408fd31d32ca4d7102d4156321"},
    {file = "cryptography-48.0.0-cp311-abi3-musllinux_1_2_x86_64.whl", hash = "sha256:9249e3cd978541d665967ac2cb2787fd6a62bddf1e75b3e347a594d7dacf4f74"},
    {file = "cryptography-48.0.0-cp311-abi3-win32.whl", hash = "sha256:9c459db21422be75e2809370b829a87eb37f74cd785fc4aa9ea1e5f43b47cda4"},
    {file = "cryptography-48.0.0-cp311-abi3-win_amd64.whl", hash = "sha256:5b012212e08b8dd5edc78ef54da83dd9892fd9105323b3993eff6bea65dc21d7"},
    {file = "cryptography-48.0.0-cp314-cp314t-macosx_10_9_universal2.whl", hash = "sha256:3cb07a3ed6431663cd321ea8a000a1314c74211f823e4177fefa2255e057d1ec"},
    {file = "cryptography-48.0.0-cp314-cp314t-manylinux2014_aarch64.manylinux_2_17_aarch64.whl", hash = "sha256:8c7378637d7d88016fa6791c159f698b3d3eed28ebf844ac36b9dc04a14dae18"},
    {file = "cryptography-48.0.0-cp314-cp314t-manylinux2014_x86_64.manylinux_2_17_x86_64.whl", hash = "sha256:cc90c0b39b2e3c65ef52c804b72e3c58f8a04ab2a1871272798e5f9572c17d20"},
    {file = "cryptography-48.0.0-cp314-cp314t-manylinux_2_28_aarch64.whl", hash = "sha256:76341972e1eff8b4bea859f09c0d3e64b96ce931b084f9b9b7db8ef364c30eff"},
    {file = "cryptography-48.0.0-cp314-cp314t-manylinux_2_28_ppc64le.whl", hash = "sha256:55b7718303bf06a5753dcdccf2f3945cf18ad7bffde41b61226e4db31ab89a9c"},
    {file = "cryptography-48.0.0-cp314-cp314t-manylinux_2_28_x86_64.whl", hash = "sha256:a64697c641c7b1b2178e573cbc31c7c6684cd56883a478d75143dbb7118036db"},
    {file = "cryptography-48.0.0-cp314-cp314t-manylinux_2_31_armv7l.whl", hash = "sha256:561215ea3879cb1cbbf272867e2efda62476f240fb58c64de6b393ae19246741"},
    {file = "cryptography-48.0.0-cp314-cp314t-manylinux_2_34_aarch64.whl", hash = "sha256:ad64688338ed4bc1a6618076ba75fd7194a5f1797ac60b47afe926285adb3166"},
    {file = "cryptography-48.0.0-cp314-cp314t-manylinux_2_34_ppc64le.whl", hash = "sha256:906cbf0670286c6e0044156bc7d4af9cbb0ef6db9f73e52c3ec56ba6bdde5336"},
    {file = "cryptography-48.0.0-cp314-cp314t-manylinux_2_34_x86_64.whl", hash = "sha256:ea8990436d914540a40ab24b6a77c0969695ed52f4a4874c5137ccf7045a7057"},
    {file = "cryptography-48.0.0-cp314-cp314t-musllinux_1_2_aarch64.whl", hash = "sha256:c18684a7f0cc9a3cb60328f496b8e3372def7c5d2df39ac267878b05565aaaae"},
    {file = "cryptography-48.0.0-cp314-cp314t-musllinux_1_2_x86_64.whl", hash = "sha256:9be5aafa5736574f8f15f262adc81b2a9869e2cfe9014d52a44633905b40d52c"},
    {file = "cryptography-48.0.0-cp314-cp314t-win32.whl", hash = "sha256:c17dfe85494deaeddc5ce251aebd1d60bbe6afc8b62071bb0b469431a000124f"},
    {file = "cryptography-48.0.0-cp314-cp314t-win_amd64.whl", hash = "sha256:27241b1dc9962e056062a8eef1991d02c3a24569c95975bd2322a8a52c6e5e12"},
    {file = "cryptography-48.0.0-cp39-abi3-macosx_10_9_universal2.whl", hash = "sha256:58d00498e8933e4a194f3076aee1b4a97dfec1a6da444535755822fe5d8b0b86"},
    {file = "cryptography-48.0.0-cp39-abi3-manylinux2014_aarch64.manylinux_2_17_aarch64.whl", hash = "sha256:614d0949f4790582d2cc25553abd09dd723025f0c0e7c67376a1d77196743d6e"},
    {file = "cryptography-48.0.0-cp39-abi3-manylinux2014_x86_64.manylinux_2_17_x86_64.whl", hash = "sha256:7ce4bfae76319a532a2dc68f82cc32f5676ee792a983187dac07183690e5c66f"},
    {file = "cryptography-48.0.0-cp39-abi3-manylinux_2_28_aarch64.whl", hash = "sha256:2eb992bbd4661238c5a397594c83f5b4dc2bc5b848c365c8f991b6780efcc5c7"},
    {file = "cryptography-48.0.0-cp39-abi3-manylinux_2_28_ppc64le.whl", hash = "sha256:22a5cb272895dce158b2cacdfdc3debd299019659f42947dbdac6f32d68fe832"},
    {file = "cryptography-48.0.0-cp39-abi3-manylinux_2_28_x86_64.whl", hash = "sha256:2b4d59804e8408e2fea7d1fbaf218e5ec984325221db76e6a241a9abd6cdd95c"},
    {file = "cryptography-48.0.0-cp39-abi3-manylinux_2_31_armv7l.whl", hash = "sha256:984a20b0f62a26f48a3396c72e4bc34c66e356d356bf370053066b3b6d54634a"},
    {file = "cryptography-48.0.0-cp39-abi3-manylinux_2_34_aarch64.whl", hash = "sha256:5a5ed8fde7a1d09376ca0b40e68cd59c69fe23b1f9768bd5824f54681626032a"},
    {file = "cryptography-48.0.0-cp39-abi3-manylinux_2_34_ppc64le.whl", hash = "sha256:8cd666227ef7af430aa5914a9910e0ddd703e75f039cef0825cd0da71b6b711a"},
    {file = "cryptography-48.0.0-cp39-abi3-manylinux_2_34_x86_64.whl", hash = "sha256:9071196d81abc88b3516ac8cdfad32e2b66dd4a5393a8e68a961e9161ddc6239"},
    {file = "cryptography-48.0.0-cp39-abi3-musllinux_1_2_aarch64.whl", hash = "sha256:1e2d54c8be6152856a36f0882ab231e70f8ec7f14e93cf87db8a2ed056bf160c"},
    {file = "cryptography-48.0.0-cp39-abi3-musllinux_1_2_x86_64.whl", hash = "sha256:a5da777e32ffed6f85a7b2b3f7c5cbc88c146bfcd0a1d7baf5fcc6c52ee35dd4"},
    {file = "cryptography-48.0.0-cp39-abi3-win32.whl", hash = "sha256:77a2ccbbe917f6710e05ba9adaa25fb5075620bf3ea6fb751997875aff4ae4bd"},
    {file = "cryptography-48.0.0-cp39-abi3-win_amd64.whl", hash = "sha256:16cd65b9330583e4619939b3a3843eec1e6e789744bb01e7c7e2e62e33c239c8"},
    {file = "cryptography-48.0.0.tar.gz", hash = "sha256:5c3932f4436d1cccb036cb0eaef46e6e2db91035166f1ad6505c3c9d5a635920"},
]

[[package]]
name = "goat-calendar-shared-models"
version = "0.1.0"
requires_python = ">=3.13"
path = "../shared_models"
summary = "Default template for PDM package"
groups = ["dev"]
dependencies = [
    "pydantic-settings>=2.14.1",
    "pydantic>=2.13.4",
    "ruff>=0.15.15",
    "sqlmodel>=0.0.38",
]

[[package]]
name = "greenlet"
version = "3.5.1"
requires_python = ">=3.10"
summary = "Lightweight in-process concurrent programming"
groups = ["default", "dev"]
marker = "platform_machine == \"win32\" or platform_machine == \"WIN32\" or platform_machine == \"AMD64\" or platform_machine == \"amd64\" or platform_machine == \"x86_64\" or platform_machine == \"ppc64le\" or platform_machine == \"aarch64\""
files = [
    {file = "greenlet-3.5.1-cp313-cp313-macosx_11_0_universal2.whl", hash = "sha256:51518ff74664078fc51bffcc6fc529b0df5ae58da192691cee765d45ce944a2b"},
    {file = "greenlet-3.5.1-cp313-cp313-manylinux_2_24_aarch64.manylinux_2_28_aarch64.whl", hash = "sha256:1ffdb3c0bb002c99cd8f298957e046c3dbf6006b5b7cdf11a4e19194624a0a0a"},
    {file = "greenlet-3.5.1-cp313-cp313-manylinux_2_24_ppc64le.manylinux_2_28_ppc64le.whl", hash = "sha256:7715a5a2c3378ba602c3a440558261e13a820bb53a82693aacd7b7f6d964e283"},
    {file = "greenlet-3.5.1-cp313-cp313-manylinux_2_24_s390x.manylinux_2_28_s390x.whl", hash = "sha256:d40a890035c0058cadbdc4af7569800fd28a0e527a0fdbb7b5f9418f176846ce"},
    {file = "greenlet-3.5.1-cp313-cp313-manylinux_2_24_x86_64.manylinux_2_28_x86_64.whl", hash = "sha256:dc71ff466927a201b08305acac451ebe1aedfcea002f62f1f2f2ac2ac1e6a135"},
    {file = "greenlet-3.5.1-cp313-cp313-manylinux_2_39_riscv64.whl", hash = "sha256:67821bb03e4e98664490edb787ff6af501194c29bbee0f5c1dfdcf1dc3d9d436"},
    {file = "greenlet-3.5.1-cp313-cp313-musllinux_1_2_aarch64.whl", hash = "sha256:cd443683db272ebaaca03af98c0b063ab30db70ea8a31a1559f35e3f7b744ccd"},
    {file = "greenlet-3.5.1-cp313-cp313-musllinux_1_2_x86_64.whl", hash = "sha256:089fff7a6ce8d9316d1f65ebc00273a56be258c1725b32b94de90a3a979557e1"},
    {file = "greenlet-3.5.1-cp313-cp313-win_amd64.whl", hash = "sha256:110a1ca7b49b014b097f6078272c3f4ed31af45b254de5228b79adba879f6af9"},
    {file = "greenlet-3.5.1-cp313-cp313-win_arm64.whl", hash = "sha256:f16ba1efc0715b680a18b8123d90dad887c6112ae3555b4b5c32c149540c6b4e"},
    {file = "greenlet-3.5.1-cp314-cp314-macosx_11_0_universal2.whl", hash = "sha256:d8ab31c9de8651a2facdd5c5bb0011f2380dd1a7af78ce2adf4b56095294fc07"},
    {file = "greenlet-3.5.1-cp314-cp314-manylinux_2_24_aarch64.manylinux_2_28_aarch64.whl", hash = "sha256:5e300185139abc337ade480c327183adf42a875ac7181bfe66d7d4efea31fbea"},
    {file = "greenlet-3.5.1-cp314-cp314-manylinux_2_24_ppc64le.manylinux_2_28_ppc64le.whl", hash = "sha256:7ffdb990dcaa0234cf9845aead5df2e3c3a8b6507d409274dd87e0d5ab05ffc2"},
    {file = "greenlet-3.5.1-cp314-cp314-manylinux_2_24_s390x.manylinux_2_28_s390x.whl", hash = "sha256:6c09df69dc1712d131332054a858a3e5cca400967fa3a672e2324fbb0971448c"},
    {file = "greenlet-3.5.1-cp314-cp314-manylinux_2_24_x86_64.manylinux_2_28_x86_64.whl", hash = "sha256:2f82b3597e9d83b63408affed0b48fd0f54935edac4302237b9a837be0dae33c"},
    {file = "greenlet-3.5.1-cp314-cp314-manylinux_2_39_riscv64.whl", hash = "sha256:a4764e0bfc6a4d114c865b32520805c16a990ef5f286a514413b05d5ecd6a23d"},
    {file = "greenlet-3.5.1-cp314-cp314-musllinux_1_2_aarch64.whl", hash = "sha256:c0141e37414c10164e702b8fb1473304221ad98f71600850c6ef7ff4880feba0"},
    {file = "greenlet-3.5.1-cp314-cp314-musllinux_1_2_x86_64.whl", hash = "sha256:50ae25a67bea74ea41fb14b960bc532df73eb713417b2d61892dced82fe8d3bc"},
    {file = "greenlet-3.5.1-cp314-cp314-win_amd64.whl", hash = "sha256:8a17c42330e261299766b75ac1ea32caa437a9453c8f65d16a13140db378ecd3"},
    {file = "greenlet-3.5.1-cp314-cp314-win_arm64.whl", hash = "sha256:7b5f5fae05b8ac6d176a61b60c394a8cbdc2b5b91b81793066e68745cf165e54"},
    {file = "greenlet-3.5.1-cp314-cp314t-macosx_11_0_universal2.whl", hash = "sha256:ea8da1e900d758d078810d4255d8c6aa572181896a31ec79d779eb79c3adc9ad"},
    {file = "greenlet-3.5.1-cp314-cp314t-manylinux_2_24_aarch64.manylinux_2_28_aarch64.whl", hash = "sha256:a19570c52a21420dcbc94e661994bc325c0b5b11304540fed514586da5dc8f2e"},
    {file = "greenlet-3.5.1-cp314-cp314t-manylinux_2_24_ppc64le.manylinux_2_28_ppc64le.whl", hash = "sha256:3d955c89b75eeca4723d7cc14135f393cd47c32e2a6cb4a8e4c6e760a26b0986"},
    {file = "greenlet-3.5.1-cp314-cp314t-manylinux_2_24_s390x.manylinux_2_28_s390x.whl", hash = "sha256:ea37d5a157eb9493820d3792ac4ece28619a394391d2b9f2f78057d396ff0f0f"},
    {file = "greenlet-3.5.1-cp314-cp314t-manylinux_2_24_x86_64.manylinux_2_28_x86_64.whl", hash = "sha256:de2daaaebd1a5aa88c49045b6baf9310b3263796bd88db713edf37cf53e7bb4e"},
    {file = "greenlet-3.5.1-cp314-cp314t-manylinux_2_39_riscv64.whl", hash = "sha256:8d8a23250ea3ec7b36de8fa4b541e9e2db3ee82915cc060ab0631609ad8b28de"},
    {file = "greenlet-3.5.1-cp314-cp314t-musllinux_1_2_aarch64.whl", hash = "sha256:3bfbd69cc349e43bf3a8ae1c85548ff0718efc887615c2db16c3833d7b0b072d"},
    {file = "greenlet-3.5.1-cp314-cp314t-musllinux_1_2_x86_64.whl", hash = "sha256:4378720dd888136c27215a0214d32a4d37c3852765d45bc37aad0623423cfd78"},
    {file = "greenlet-3.5.1-cp314-cp314t-win_amd64.whl", hash = "sha256:45718441607f9325d948db98cbc691276059316d0358c188c246da4e1d4d23d2"},
    {file = "greenlet-3.5.1-cp315-cp315-macosx_11_0_universal2.whl", hash = "sha256:2baee5ca02031757ffe8cc3d69f0cc0aec7065ce362622da74f32d3bcab1c541"},
    {file = "greenlet-3.5.1-cp315-cp315-manylinux_2_24_aarch64.manylinux_2_28_aarch64.whl", hash = "sha256:9b1ec3274918a81d3ea778b9e75b56b72b33f300edb6cf7f3a7fe1dae56683de"},
    {file = "greenlet-3.5.1-cp315-cp315-manylinux_2_24_ppc64le.manylinux_2_28_ppc64le.whl", hash = "sha256:111e2390ffffc47d5840b01711dd7fac07d4c09283d0283e7f3264b14e284c64"},
    {file = "greenlet-3.5.1-cp315-cp315-manylinux_2_24_s390x.manylinux_2_28_s390x.whl", hash = "sha256:10a9a1c0bfbc93d41156ffcb90c75fbc05544054faf15dcc1fdf9765f8b607f0"},
    {file = "greenlet-3.5.1-cp315-cp315-manylinux_2_24_x86_64.manylinux_2_28_x86_64.whl", hash = "sha256:e630136e905fe5ff43e86945ae41220b6d1470956a39220e708110ac48d01ea5"},
    {file = "greenlet-3.5.1-cp315-cp315-manylinux_2_39_riscv64.whl", hash = "sha256:ef08c1567c78074b22d1a200183d52d04a14df447bf70bcbb6a3507a48e776fc"},
    {file = "greenlet-3.5.1-cp315-cp315-musllinux_1_2_aarch64.whl", hash = "sha256:975eac34b44a7077ca4d421348455b94f0f518246a7f14bc6d2fdcfe5b584368"},
    {file = "greenlet-3.5.1-cp315-cp315-musllinux_1_2_x86_64.whl", hash = "sha256:9ab3c3a0b2ae6198e67c898dad5215a49f9ae0d0081b3c3ec59f333e39eeca26"},
    {file = "greenlet-3.5.1-cp315-cp315-win_amd64.whl", hash = "sha256:cbfc69be86e10dcfef5b1e6269d1d6926552aa89ee39e1de3353360c1b6989ab"},
    {file = "greenlet-3.5.1-cp315-cp315-win_arm64.whl", hash = "sha256:92fd6d44ac5e5a887c8a5dc4a8ba0ba908527c31c12f78c6bc7dcfe8aab279f6"},
    {file = "greenlet-3.5.1-cp315-cp315t-macosx_11_0_universal2.whl", hash = "sha256:a6fdf2433a5441ef9a95464f7c3e674775da1c8c1177fff311cee1acad4626ed"},
    {file = "greenlet-3.5.1-cp315-cp315t-manylinux_2_24_aarch64.manylinux_2_28_aarch64.whl", hash = "sha256:7546556f0d649f99f6a361098a55f761181bb2ea12ff150bb16d26092ad88244"},
    {file = "greenlet-3.5.1-cp315-cp315t-manylinux_2_24_ppc64le.manylinux_2_28_ppc64le.whl", hash = "sha256:d5ee3ea898009fa898f85f9982255d35278c477bebe185beca249cab42d4526c"},
    {file = "greenlet-3.5.1-cp315-cp315t-manylinux_2_24_s390x.manylinux_2_28_s390x.whl", hash = "sha256:a57b0d05a0448eed231d59c0ceb287dde984551e54cbc51ac2d4865712838e9c"},
    {file = "greenlet-3.5.1-cp315-cp315t-manylinux_2_24_x86_64.manylinux_2_28_x86_64.whl", hash = "sha256:a5c81f74d204d3edd136ebfd50dce53acbb776995d721a0fe801626cfc93b8cd"},
    {file = "greenlet-3.5.1-cp315-cp315t-manylinux_2_39_riscv64.whl", hash = "sha256:b0703c2cef53e01baec47f7a3868009913ad71ec678bbecb42a6f40895e4ce62"},
    {file = "greenlet-3.5.1-cp315-cp315t-musllinux_1_2_aarch64.whl", hash = "sha256:2c18ef16bf6d4dd410e4dd52996888ea1497be26892fe5bbc73580aba4287b8e"},
    {file = "greenlet-3.5.1-cp315-cp315t-musllinux_1_2_x86_64.whl", hash = "sha256:17d86354f0ae6b61bf9be5148d0dd34e06c3cb7c602c671f79f29ac3b150e659"},
    {file = "greenlet-3.5.1-cp315-cp315t-win_amd64.whl", hash = "sha256:e7516cf6ae6b8a582c2770a0caed47b8a48373ed732c33d69a72913ae6ac923e"},
    {file = "greenlet-3.5.1-cp315-cp315t-win_arm64.whl", hash = "sha256:5028648bf2253ec4745add746129d3904121fa7fe871a76bed23c5720573ce0a"},
    {file = "greenlet-3.5.1.tar.gz", hash = "sha256:5a56aeb7d5d9cc4b3a735efb5095bd4b4f6f0e4f93e5ca876d0e2315137b7829"},
]

[[package]]
name = "pycparser"
version = "3.0"
requires_python = ">=3.10"
summary = "C parser in Python"
groups = ["default"]
marker = "implementation_name != \"PyPy\" and platform_python_implementation != \"PyPy\""
files = [
    {file = "pycparser-3.0-py3-none-any.whl", hash = "sha256:b727414169a36b7d524c1c3e31839a521725078d7b2ff038656844266160a992"},
    {file = "pycparser-3.0.tar.gz", hash = "sha256:600f49d217304a5902ac3c37e1281c9fe94e4d0489de643a9504c5cdfdfc6b29"},
]

[[package]]
name = "pydantic"
version = "2.13.4"
requires_python = ">=3.9"
summary = "Data validation using Python type hints"
groups = ["default", "dev"]
dependencies = [
    "annotated-types>=0.6.0",
    "pydantic-core==2.46.4",
    "typing-extensions>=4.14.1",
    "typing-inspection>=0.4.2",
]
files = [
    {file = "pydantic-2.13.4-py3-none-any.whl", hash = "sha256:45a282cde31d808236fd7ea9d919b128653c8b38b393d1c4ab335c62924d9aba"},
    {file = "pydantic-2.13.4.tar.gz", hash = "sha256:c40756b57adaa8b1efeeced5c196f3f3b7c435f90e84ea7f443901bec8099ef6"},
]

[[package]]
name = "pydantic-core"
version = "2.46.4"
requires_python = ">=3.9"
summary = "Core functionality for Pydantic validation and serialization"
groups = ["default", "dev"]
dependencies = [
    "typing-extensions>=4.14.1",
]
files = [
    {file = "pydantic_core-2.46.4-cp313-cp313-macosx_10_12_x86_64.whl", hash = "sha256:5d5902252db0d3cedf8d4a1bc68f70eeb430f7e4c7104c8c476753519b423008"},
    {file = "pydantic_core-2.46.4-cp313-cp313-macosx_11_0_arm64.whl", hash = "sha256:c94f0688e7b8d0a67abf40e57a7eaaecd17cc9586706a31b76c031f63df052b4"},
    {file = "pydantic_core-2.46.4-cp313-cp313-manylinux_2_17_aarch64.manylinux2014_aarch64.whl", hash = "sha256:f027324c56cd5406ca49c124b0db10e56c69064fec039acc571c29020cc87c76"},
    {file = "pydantic_core-2.46.4-cp313-cp313-manylinux_2_17_armv7l.manylinux2014_armv7l.whl", hash = "sha256:e739fee756ba1010f8bcccb534252e85a35fe45ae92c295a06059ce58b74ccd3"},
    {file = "pydantic_core-2.46.4-cp313-cp313-manylinux_2_17_ppc64le.manylinux2014_ppc64le.whl", hash = "sha256:9d56801be94b86a9da183e5f3766e6310752b99ff647e38b09a9500d88e46e76"},
    {file = "pydantic_core-2.46.4-cp313-cp313-manylinux_2_17_s390x.manylinux2014_s390x.whl", hash = "sha256:2412e734dcb48da14d4e4006b82b46b74f2518b8a26ee7e58c6844a6cd6d03c4"},
    {file = "pydantic_core-2.46.4-cp313-cp313-manylinux_2_17_x86_64.manylinux2014_x86_64.whl", hash = "sha256:9551187363ffc0de2a00b2e47c25aeaeb1020b69b668762966df15fc5659dd5a"},
    {file = "pydantic_core-2.46.4-cp313-cp313-manylinux_2_31_riscv64.whl", hash = "sha256:0186750b482eefa11d7f435892b09c5c606193ef3375bcf94aa00ae6bfb66262"},
    {file = "pydantic_core-2.46.4-cp313-cp313-manylinux_2_5_i686.manylinux1_i686.whl", hash = "sha256:5855698a4856556d86e8e6cd8434bc3ac0314ee8e12089ae0e143f64c6256e4e"},
    {file = "pydantic_core-2.46.4-cp313-cp313-musllinux_1_1_aarch64.whl", hash = "sha256:cbaf13819775b7f769bf4a1f066cb6df7a28d4480081a589828ef190226881cd"},
    {file = "pydantic_core-2.46.4-cp313-cp313-musllinux_1_1_armv7l.whl", hash = "sha256:633147d34cf4550417f12e2b1a0383973bdf5cdfde212cb09e9a581cf10820be"},
    {file = "pydantic_core-2.46.4-cp313-cp313-musllinux_1_1_x86_64.whl", hash = "sha256:82cf5301172168103724d49a1444d3378cb20cdee30b116a1bd6031236298a5d"},
    {file = "pydantic_core-2.46.4-cp313-cp313-win32.whl", hash = "sha256:9fa8ae11da9e2b3126c6426f147e0fba88d96d65921799bb30c6abd1cb2c97fb"},
    {file = "pydantic_core-2.46.4-cp313-cp313-win_amd64.whl", hash = "sha256:6b3ace8194b0e5204818c92802dcdca7fc6d88aabbb799d7c795540d9cd6d292"},
    {file = "pydantic_core-2.46.4-cp313-cp313-win_arm64.whl", hash = "sha256:184c081504d17f1c1066e430e117142b2c77d9448a97f7b65c6ac9fd9aee238d"},
    {file = "pydantic_core-2.46.4-cp314-cp314-macosx_10_12_x86_64.whl", hash = "sha256:428e04521a40150c85216fc8b85e8d39fece235a9cf5e383761238c7fa9b96fb"},
    {file = "pydantic_core-2.46.4-cp314-cp314-macosx_11_0_arm64.whl", hash = "sha256:23ace664830ee0bfe014a0c7bc248b1f7f25ed7ad103852c317624a1083af462"},
    {file = "pydantic_core-2.46.4-cp314-cp314-manylinux_2_17_aarch64.manylinux2014_aarch64.whl", hash = "sha256:ce5c1d2a8b27468f433ca974829c44060b8097eedc39933e3c206a90ee49c4a9"},
    {file = "pydantic_core-2.46.4-cp314-cp314-manylinux_2_17_armv7l.manylinux2014_armv7l.whl", hash = "sha256:7283d57845ecf5a163403eb0702dfc220cc4fbdd18919cb5ccea4f95ee1cdab4"},
    {file = "pydantic_core-2.46.4-cp314-cp314-manylinux_2_17_ppc64le.manylinux2014_ppc64le.whl", hash = "sha256:8daafc69c93ee8a0204506a3b6b30f586ef54028f52aeeeb5c4cfc5184fd5914"},
    {file = "pydantic_core-2.46.4-cp314-cp314-manylinux_2_17_s390x.manylinux2014_s390x.whl", hash = "sha256:cd2213145bcc2ba85884d0ac63d222fece9209678f77b9b4d76f054c561adb28"},
    {file = "pydantic_core-2.46.4-cp314-cp314-manylinux_2_17_x86_64.manylinux2014_x86_64.whl", hash = "sha256:7a5f930472650a82629163023e630d160863fce524c616f4e5186e5de9d9a49b"},
    {file = "pydantic_core-2.46.4-cp314-cp314-manylinux_2_31_riscv64.whl", hash = "sha256:c1b3f518abeca3aa13c712fd202306e145abf59a18b094a6bafb2d2bbf59192c"},
    {file = "pydantic_core-2.46.4-cp314-cp314-manylinux_2_5_i686.manylinux1_i686.whl", hash = "sha256:1a7dd0b3ee80d90150e3495a3a13ac34dbcbfd4f012996a6a1d8900e91b5c0fb"},
    {file = "pydantic_core-2.46.4-cp314-cp314-musllinux_1_1_aarch64.whl", hash = "sha256:3fb702cd90b0446a3a1c5e470bfa0dd23c0233b676a9099ddcc964fa6ca13898"},
    {file = "pydantic_core-2.46.4-cp314-cp314-musllinux_1_1_armv7l.whl", hash = "sha256:b8458003118a712e66286df6a707db01c52c0f52f7db8e4a38f0da1d3b94fc4e"},
    {file = "pydantic_core-2.46.4-cp314-cp314-musllinux_1_1_x86_64.whl", hash = "sha256:372429a130e469c9cd698925ce5fc50940b7a1336b0d82038e63d5bbc4edc519"},
    {file = "pydantic_core-2.46.4-cp314-cp314-win32.whl", hash = "sha256:85bb3611ff1802f3ee7fdd7dbff26b56f343fb432d57a4728fdd49b6ef35e2f4"},
    {file = "pydantic_core-2.46.4-cp314-cp314-win_amd64.whl", hash = "sha256:811ff8e9c313ab425368bcbb36e5c4ebd7108c2bbf4e4089cfbb0b01eff63fac"},
    {file = "pydantic_core-2.46.4-cp314-cp314-win_arm64.whl", hash = "sha256:bfec22eab3c8cc2ceec0248aec886624116dc079afa027ecc8ad4a7e62010f8a"},
    {file = "pydantic_core-2.46.4-cp314-cp314t-macosx_10_12_x86_64.whl", hash = "sha256:af8244b2bef6aaad6d92cda81372de7f8c8d36c9f0c3ea36e827c60e7d9467a0"},
    {file = "pydantic_core-2.46.4-cp314-cp314t-macosx_11_0_arm64.whl", hash = "sha256:5a4330cdbc57162e4b3aa303f588ba752257694c9c9be3e7ebb11b4aca659b5d"},
    {file = "pydantic_core-2.46.4-cp314-cp314t-manylinux_2_17_aarch64.manylinux2014_aarch64.whl", hash = "sha256:29c61fc04a3d840155ff08e475a04809278972fe6aef51e2720554e96367e34b"},
    {file = "pydantic_core-2.46.4-cp314-cp314t-manylinux_2_17_armv7l.manylinux2014_armv7l.whl", hash = "sha256:c50f2528cf200c5eed56faf3f4e22fcd5f38c157a8b78576e6ba3168ec35f000"},
    {file = "pydantic_core-2.46.4-cp314-cp314t-manylinux_2_17_ppc64le.manylinux2014_ppc64le.whl", hash = "sha256:0cbe8b01f948de4286c74cdd6c667aceb38f5c1e26f0693b3983d9d74887c65e"},
    {file = "pydantic_core-2.46.4-cp314-cp314t-manylinux_2_17_s390x.manylinux2014_s390x.whl", hash = "sha256:617d7e2ca7dcb8c5cf6bcb8c59b8832c94b36196bbf1cbd1bfb56ed341905edd"},
    {file = "pydantic_core-2.46.4-cp314-cp314t-manylinux_2_17_x86_64.manylinux2014_x86_64.whl", hash = "sha256:7027560ee92211647d0d34e3f7cd6f50da56399d26a9c8ad0da286d3869a53f3"},
    {file = "pydantic_core-2.46.4-cp314-cp314t-manylinux_2_31_riscv64.whl", hash = "sha256:f99626688942fb746e545232e7726926f3be91b5975f8b55327665fafda991c7"},
    {file = "pydantic_core-2.46.4-cp314-cp314t-manylinux_2_5_i686.manylinux1_i686.whl", hash = "sha256:fc3e9034a63de20e15e8ade85358bc6efc614008cab72898b4b4952bea0509ff"},
    {file = "pydantic_core-2.46.4-cp314-cp314t-musllinux_1_1_aarch64.whl", hash = "sha256:97e7cf2be5c77b7d1a9713a05605d49460d02c6078d38d8bef3cbe323c548424"},
    {file = "pydantic_core-2.46.4-cp314-cp314t-musllinux_1_1_armv7l.whl", hash = "sha256:3bf92c5d0e00fefaab325a4d27828fe6b6e2a21848686b5b60d2d9eeb09d76c6"},
    {file = "pydantic_core-2.46.4-cp314-cp314t-musllinux_1_1_x86_64.whl", hash = "sha256:3ecbc122d18468d06ca279dc26a8c2e2d5acb10943bb35e36ae92096dc3b5565"},
    {file = "pydantic_core-2.46.4-cp314-cp314t-win32.whl", hash = "sha256:e846ae7835bf0703ae43f534ab79a867146dadd59dc9ca5c8b53d5c8f7c9ef02"},
    {file = "pydantic_core-2.46.4-cp314-cp314t-win_amd64.whl", hash = "sha256:2108ba5c1c1eca18030634489dc544844144ee36357f2f9f780b93e7ddbb44b5"},
    {file = "pydantic_core-2.46.4-cp314-cp314t-win_arm64.whl", hash = "sha256:4fcbe087dbc2068af7eda3aa87634eba216dbda64d1ae73c8684b621d33f6596"},
    {file = "pydantic_core-2.46.4.tar.gz", hash = "sha256:62f875393d7f270851f20523dd2e29f082bcc82292d66db2b64ea71f64b6e1c1"},
]

[[package]]
name = "pydantic-settings"
version = "2.14.1"
requires_python = ">=3.10"
summary = "Settings management using Pydantic"
groups = ["dev"]
dependencies = [
    "pydantic>=2.7.0",
    "python-dotenv>=0.21.0",
    "typing-inspection>=0.4.0",
]
files = [
    {file = "pydantic_settings-2.14.1-py3-none-any.whl", hash = "sha256:6e3c7edfd8277687cdc598f56e5cff0e9bfff0910a3749deaa8d4401c3a2b9de"},
    {file = "pydantic_settings-2.14.1.tar.gz", hash = "sha256:e874d3bec7e787b0c9958277956ed9b4dd5de6a80e162188fdaff7c5e26fd5fa"},
]

[[package]]
name = "pymysql"
version = "1.2.0"
requires_python = ">=3.9"
summary = "Pure Python MySQL Driver"
groups = ["default"]
files = [
    {file = "pymysql-1.2.0-py3-none-any.whl", hash = "sha256:62169ce6d5510f08e140c5e7990ee884a9764024e4a9a27b2cc11f1099322ae0"},
    {file = "pymysql-1.2.0.tar.gz", hash = "sha256:6c7b17ca686988104d7426c27895b455cdeea3e9d3ceb1270f0c3704fead8c33"},
]

[[package]]
name = "python-dotenv"
version = "1.2.2"
requires_python = ">=3.10"
summary = "Read key-value pairs from a .env file and set them as environment variables"
groups = ["dev"]
files = [
    {file = "python_dotenv-1.2.2-py3-none-any.whl", hash = "sha256:1d8214789a24de455a8b8bd8ae6fe3c6b69a5e3d64aa8a8e5d68e694bbcb285a"},
    {file = "python_dotenv-1.2.2.tar.gz", hash = "sha256:2c371a91fbd7ba082c2c1dc1f8bf89ca22564a087c2c287cd9b662adde799cf3"},
]

[[package]]
name = "ruff"
version = "0.15.15"
requires_python = ">=3.7"
summary = "An extremely fast Python linter and code formatter, written in Rust."
groups = ["dev"]
files = [
    {file = "ruff-0.15.15-py3-none-linux_armv6l.whl", hash = "sha256:cf93e5388f412e1b108b1f8b34a6e036b70fe8aff89393befad96fe48670311b"},
    {file = "ruff-0.15.15-py3-none-macosx_10_12_x86_64.whl", hash = "sha256:ac5a646d1f6a7dadd5d50842dae2c1f9862ac887ef5d1b1375e02def791fde6e"},
    {file = "ruff-0.15.15-py3-none-macosx_11_0_arm64.whl", hash = "sha256:77d955a431430c66f72dd94e379ad38a16daea3d25094872ac4edf9e797be530"},
    {file = "ruff-0.15.15-py3-none-manylinux_2_17_aarch64.manylinux2014_aarch64.whl", hash = "sha256:7614ee79c69788cf6cedd568069ade9cecc22a1ad20494efe8d0c9ebb4b622d4"},
    {file = "ruff-0.15.15-py3-none-manylinux_2_17_armv7l.manylinux2014_armv7l.whl", hash = "sha256:3cdb1679e06a1f6b47bc384714ae96f6e2fb65ca441eb78c43d2ca554176ce1f"},
    {file = "ruff-0.15.15-py3-none-manylinux_2_17_i686.manylinux2014_i686.whl", hash = "sha256:2728b93d7b23a603ea2c0ac6eb73d760bd38ec9de35f35fb41e18f7a3fee7622"},
    {file = "ruff-0.15.15-py3-none-manylinux_2_17_ppc64le.manylinux2014_ppc64le.whl", hash = "sha256:be582fcc0db438902c7792b08d6ddf6c9b9e21addaa10092c2c741cfb09e5a45"},
    {file = "ruff-0.15.15-py3-none-manylinux_2_17_s390x.manylinux2014_s390x.whl", hash = "sha256:7aa77465b8ecaf1a27bea098d696f7fed5e1eccbd10b321b682d6de586ae5627"},
    {file = "ruff-0.15.15-py3-none-manylinux_2_17_x86_64.manylinux2014_x86_64.whl", hash = "sha256:48decfa11d740de4889de623be1463308346312f2409a56e24aa280c86162dc4"},
    {file = "ruff-0.15.15-py3-none-manylinux_2_31_riscv64.whl", hash = "sha256:a5015088452ca0081387063649ec67f06d3d1d6b8b936a1f836b5e9657ecd48c"},
    {file = "ruff-0.15.15-py3-none-musllinux_1_2_aarch64.whl", hash = "sha256:f5294aab6356c81600fcdea3a62bb1b924dfd5e91767c12318d3f68f86af57cd"},
    {file = "ruff-0.15.15-py3-none-musllinux_1_2_armv7l.whl", hash = "sha256:db5bd4d802415cca656dc1616070b725952d6ae95eb5d4831e49fbd94a38f75f"},
    {file = "ruff-0.15.15-py3-none-musllinux_1_2_i686.whl", hash = "sha256:587a6278ed42059191c1a466e490bd7930fb50bd2e255398bc29616c895a61cb"},
    {file = "ruff-0.15.15-py3-none-musllinux_1_2_x86_64.whl", hash = "sha256:df0c1c084f5f4be9812f61518a45c440d3c30d69ce4bf6c5270e66d38338f02a"},
    {file = "ruff-0.15.15-py3-none-win32.whl", hash = "sha256:29428ea79694afbe756d45fd59b36f22b6b020dc0443cf7de0173046236964b9"},
    {file = "ruff-0.15.15-py3-none-win_amd64.whl", hash = "sha256:8df0323902e15e24bc4bf246da830573d3cf3352bd0b9a164eab335d111ff4a4"},
    {file = "ruff-0.15.15-py3-none-win_arm64.whl", hash = "sha256:3c8ceca6792f38196b8f589bc92eccd03eef286602da92e5dc05cc42ef6441b7"},
    {file = "ruff-0.15.15.tar.gz", hash = "sha256:b8dff018130b46d8e5bf0f926ef6b60cf871d6d5ae45fc9334e09632daa741d6"},
]

[[package]]
name = "sqlalchemy"
version = "2.0.50"
requires_python = ">=3.7"
summary = "Database Abstraction Library"
groups = ["default", "dev"]
dependencies = [
    "greenlet>=1; platform_machine == \"win32\" or platform_machine == \"WIN32\" or platform_machine == \"AMD64\" or platform_machine == \"amd64\" or platform_machine == \"x86_64\" or platform_machine == \"ppc64le\" or platform_machine == \"aarch64\"",
    "importlib-metadata; python_version < \"3.8\"",
    "typing-extensions>=4.6.0",
]
files = [
    {file = "sqlalchemy-2.0.50-cp313-cp313-macosx_11_0_arm64.whl", hash = "sha256:06a9210bdc5f4298cff0781087e2ff45683922252dacc452846373a58761f093"},
    {file = "sqlalchemy-2.0.50-cp313-cp313-manylinux2014_aarch64.manylinux_2_17_aarch64.manylinux_2_28_aarch64.whl", hash = "sha256:8b53784972ade4f8174b9aa661f31a06f8a936d2cfdd602913ff3c6dd40ae873"},
    {file = "sqlalchemy-2.0.50-cp313-cp313-manylinux2014_x86_64.manylinux_2_17_x86_64.manylinux_2_28_x86_64.whl", hash = "sha256:31648fa14460537e768a7303b078e4344d208e0d23e06867c1f376a227ed82db"},
    {file = "sqlalchemy-2.0.50-cp313-cp313-musllinux_1_2_aarch64.whl", hash = "sha256:03f4323c980ad0e918cc9e5369b015f759f4e534db5bbaf4dc36832c10d05064"},
    {file = "sqlalchemy-2.0.50-cp313-cp313-musllinux_1_2_x86_64.whl", hash = "sha256:2b9dcc43afef8ac157cd92fce96985d6b8b0cfbd3df4d666f66b4d55a75d202f"},
    {file = "sqlalchemy-2.0.50-cp313-cp313-win32.whl", hash = "sha256:60922d6599065ddca2c6f376b9aa2f41a6b85a271725e0909490bbc50b1998a5"},
    {file = "sqlalchemy-2.0.50-cp313-cp313-win_amd64.whl", hash = "sha256:287086e67275a212c4582d166a6fb03a65ccc5551d80866270ce0dd9f34eccd3"},
    {file = "sqlalchemy-2.0.50-cp314-cp314-macosx_11_0_arm64.whl", hash = "sha256:c966932507a4d7d0a37314927dbfcd89720e3f37d2a1e3352e7ae7939fa8e8a0"},
    {file = "sqlalchemy-2.0.50-cp314-cp314-manylinux2014_aarch64.manylinux_2_17_aarch64.manylinux_2_28_aarch64.whl", hash = "sha256:faffef4bcc20a1892e65e155293d99d60855bbbc79250ab712819cfd56a8e6bb"},
    {file = "sqlalchemy-2.0.50-cp314-cp314-manylinux2014_x86_64.manylinux_2_17_x86_64.manylinux_2_28_x86_64.whl", hash = "sha256:6c206aec519a2e7bd08abbfb33436e325fd22c632d9c21a9047e376ce241646e"},
    {file = "sqlalchemy-2.0.50-cp314-cp314-musllinux_1_2_aarch64.whl", hash = "sha256:bef4ac756363227ef6402a75fee025a4bc690f92328e825868939b3b3a446a6d"},
    {file = "sqlalchemy-2.0.50-cp314-cp314-musllinux_1_2_x86_64.whl", hash = "sha256:96fbee6b19c19cd1556c8bf9419447cf2ec149ffcab7ab64348c23e54ef8547f"},
    {file = "sqlalchemy-2.0.50-cp314-cp314-win32.whl", hash = "sha256:8f00e3eb43ba30eb1b238ee03a8a62309486d1321eda3328bb611e0340033ad8"},
    {file = "sqlalchemy-2.0.50-cp314-cp314-win_amd64.whl", hash = "sha256:15708c613cd5005b7dffe1f66ee6a63ee8f5e46799f71c70ebad74178c676a39"},
    {file = "sqlalchemy-2.0.50-cp314-cp314t-macosx_11_0_arm64.whl", hash = "sha256:3699dac4be410e97049a1658e9480da9cde956594aa0f3aebc60b88f21c5ba70"},
    {file = "sqlalchemy-2.0.50-cp314-cp314t-manylinux2014_aarch64.manylinux_2_17_aarch64.manylinux_2_28_aarch64.whl", hash = "sha256:f96233858e3df43932ac11589e22520da6e8aeb624b03fedfeebb0e8ea213086"},
    {file = "sqlalchemy-2.0.50-cp314-cp314t-manylinux2014_x86_64.manylinux_2_17_x86_64.manylinux_2_28_x86_64.whl", hash = "sha256:c4e70c46fad30c3bcc6a4708bc0130a3173e11a5b25f0ea4a9d8911b450f1f52"},
    {file = "sqlalchemy-2.0.50-cp314-cp314t-musllinux_1_2_aarch64.whl", hash = "sha256:1918a3cf564d16d95bca7301005f41ab2ad50b07cd3b9da50d3ed986db148d6a"},
    {file = "sqlalchemy-2.0.50-cp314-cp314t-musllinux_1_2_x86_64.whl", hash = "sha256:b00098cdbdbd38c7be3d568b0c9c3122b8c0ec62b911b57cd5e6e0254d60a76d"},
    {file = "sqlalchemy-2.0.50-cp314-cp314t-win32.whl", hash = "sha256:1fbd55a969d7ac44a98e3dec75016074f809fa08f871585ace58dde110d1bf3e"},
    {file = "sqlalchemy-2.0.50-cp314-cp314t-win_amd64.whl", hash = "sha256:c5c3cdb753a9004183e1ccb634b41611654c989e61bc68617ce878e46d6f1e51"},
    {file = "sqlalchemy-2.0.50-py3-none-any.whl", hash = "sha256:92064363517a3ff8212b5a93b8c62876579d8dfd1ca5b561335f30152d884fa9"},
    {file = "sqlalchemy-2.0.50.tar.gz", hash = "sha256:af5607d11ef90fd6a5c0549fe0045dce1663d427426bcfb506dcb5346a85a3b9"},
]

[[package]]
name = "sqlmodel"
version = "0.0.38"
requires_python = ">=3.10"
summary = "SQLModel, SQL databases in Python, designed for simplicity, compatibility, and robustness."
groups = ["default", "dev"]
dependencies = [
    "SQLAlchemy<2.1.0,>=2.0.14",
    "pydantic>=2.11.0",
    "typing-extensions>=4.5.0",
]
files = [
    {file = "sqlmodel-0.0.38-py3-none-any.whl", hash = "sha256:84e3fa990a77395461ded72a6c73173438ce8449d5c1c4d97fbff1b1df692649"},
    {file = "sqlmodel-0.0.38.tar.gz", hash = "sha256:d583ec237b14103809f74e8630032bc40ab68cd6b754a610f0813c56911a547b"},
]

[[package]]
name = "typing-extensions"
version = "4.15.0"
requires_python = ">=3.9"
summary = "Backported and Experimental Type Hints for Python 3.9+"
groups = ["default", "dev"]
files = [
    {file = "typing_extensions-4.15.0-py3-none-any.whl", hash = "sha256:f0fa19c6845758ab08074a0cfa8b7aecb71c999ca73d62883bc25cc018c4e548"},
    {file = "typing_extensions-4.15.0.tar.gz", hash = "sha256:0cea48d173cc12fa28ecabc3b837ea3cf6f38c6d1136f85cbaaf598984861466"},
]

[[package]]
name = "typing-inspection"
version = "0.4.2"
requires_python = ">=3.9"
summary = "Runtime typing introspection tools"
groups = ["default", "dev"]
dependencies = [
    "typing-extensions>=4.12.0",
]
files = [
    {file = "typing_inspection-0.4.2-py3-none-any.whl", hash = "sha256:4ed1cacbdc298c220f1bd249ed5287caa16f34d44ef4e9c3d0cbad5b521545e7"},
    {file = "typing_inspection-0.4.2.tar.gz", hash = "sha256:ba561c48a67c5958007083d386c3295464928b01faa735ab8547c5692e87f464"},
]
